
Microsoft Visual Studio Solution File, Format Version 12.00
# Visual Studio 2013
VisualStudioVersion = 12.0.21005.1
MinimumVisualStudioVersion = 10.0.40219.1
Project("{FAE04EC0-301F-11D3-BF4B-00C04F79EFBC}") = "LTHDT_BaiTap", "LTHDT_BaiTap\LTHDT_BaiTap.csproj", "{A38BA055-4201-482E-BEB8-BC802217DC4D}"
EndProject
Project("{2150E333-8FDC-42A3-9474-1A3956D46DE8}") = ".nuget", ".nuget", "{15BCA640-DDDC-431C-AF8F-6849F704CE10}"
	ProjectSection(SolutionItems) = preProject
		.nuget\NuGet.Config = .nuget\NuGet.Config
		.nuget\NuGet.exe = .nuget\NuGet.exe
		.nuget\NuGet.targets = .nuget\NuGet.targets
	EndProjectSection
EndProject
Global
	GlobalSection(SolutionConfigurationPlatforms) = preSolution
		Debug|Any CPU = Debug|Any CPU
		Release|Any CPU = Release|Any CPU
	EndGlobalSection
	GlobalSection(ProjectConfigurationPlatforms) = postSolution
		{A38BA055-4201-482E-BEB8-BC802217DC4D}.Debug|Any CPU.ActiveCfg = Debug|Any CPU
		{A38BA055-4201-482E-BEB8-BC802217DC4D}.Debug|Any CPU.Build.0 = Debug|Any CPU
		{A38BA055-4201-482E-BEB8-BC802217DC4D}.Release|Any CPU.ActiveCfg = Release|Any CPU
		{A38BA055-4201-482E-BEB8-BC802217DC4D}.Release|Any CPU.Build.0 = Release|Any CPU
	EndGlobalSection
	GlobalSection(SolutionProperties) = preSolution
		HideSolutionNode = FALSE
	EndGlobalSection
EndGlobal
